
Microsoft Visual Studio Solution File, Format Version 12.00
# Visual Studio Version 17
VisualStudioVersion = 17.11.35312.102
MinimumVisualStudioVersion = 10.0.40219.1
Project("{9A19103F-16F7-4668-BE54-9A1E7A4F7556}") = "Server", "Server\Server.csproj", "{51775149-121F-4CB3-915F-052B0032F48F}"
EndProject
Project("{FAE04EC0-301F-11D3-BF4B-00C04F79EFBC}") = "ServerCore", "ServerCore\ServerCore.csproj", "{9C60068C-3E13-43D3-B88D-5F45502C2BBB}"
EndProject
Project("{FAE04EC0-301F-11D3-BF4B-00C04F79EFBC}") = "DummyClient", "DummyClient\DummyClient.csproj", "{B2F68843-5D5E-4C5A-A9E7-F64A51DC3789}"
EndProject
Global
	GlobalSection(SolutionConfigurationPlatforms) = preSolution
		Debug|Any CPU = Debug|Any CPU
		Release|Any CPU = Release|Any CPU
	EndGlobalSection
	GlobalSection(ProjectConfigurationPlatforms) = postSolution
		{51775149-121F-4CB3-915F-052B0032F48F}.Debug|Any CPU.ActiveCfg = Debug|Any CPU
		{51775149-121F-4CB3-915F-052B0032F48F}.Debug|Any CPU.Build.0 = Debug|Any CPU
		{51775149-121F-4CB3-915F-052B0032F48F}.Release|Any CPU.ActiveCfg = Release|Any CPU
		{51775149-121F-4CB3-915F-052B0032F48F}.Release|Any CPU.Build.0 = Release|Any CPU
		{9C60068C-3E13-43D3-B88D-5F45502C2BBB}.Debug|Any CPU.ActiveCfg = Debug|Any CPU
		{9C60068C-3E13-43D3-B88D-5F45502C2BBB}.Debug|Any CPU.Build.0 = Debug|Any CPU
		{9C60068C-3E13-43D3-B88D-5F45502C2BBB}.Release|Any CPU.ActiveCfg = Release|Any CPU
		{9C60068C-3E13-43D3-B88D-5F45502C2BBB}.Release|Any CPU.Build.0 = Release|Any CPU
		{B2F68843-5D5E-4C5A-A9E7-F64A51DC3789}.Debug|Any CPU.ActiveCfg = Debug|Any CPU
		{B2F68843-5D5E-4C5A-A9E7-F64A51DC3789}.Debug|Any CPU.Build.0 = Debug|Any CPU
		{B2F68843-5D5E-4C5A-A9E7-F64A51DC3789}.Release|Any CPU.ActiveCfg = Release|Any CPU
		{B2F68843-5D5E-4C5A-A9E7-F64A51DC3789}.Release|Any CPU.Build.0 = Release|Any CPU
	EndGlobalSection
	GlobalSection(SolutionProperties) = preSolution
		HideSolutionNode = FALSE
	EndGlobalSection
	GlobalSection(ExtensibilityGlobals) = postSolution
		SolutionGuid = {ED89D7D1-E891-4002-A8B4-EF0F09E3262D}
	EndGlobalSection
EndGlobal
