
Microsoft Visual Studio Solution File, Format Version 12.00
# Visual Studio Version 17
VisualStudioVersion = 17.11.35312.102
MinimumVisualStudioVersion = 10.0.40219.1
Project("{FAE04EC0-301F-11D3-BF4B-00C04F79EFBC}") = "Server", "Server\Server.csproj", "{51775149-121F-4CB3-915F-052B0032F48F}"
EndProject
Global
	GlobalSection(SolutionConfigurationPlatforms) = preSolution
		Debug|Any CPU = Debug|Any CPU
		Release|Any CPU = Release|Any CPU
	EndGlobalSection
	GlobalSection(ProjectConfigurationPlatforms) = postSolution
		{51775149-121F-4CB3-915F-052B0032F48F}.Debug|Any CPU.ActiveCfg = Debug|Any CPU
		{51775149-121F-4CB3-915F-052B0032F48F}.Debug|Any CPU.Build.0 = Debug|Any CPU
		{51775149-121F-4CB3-915F-052B0032F48F}.Release|Any CPU.ActiveCfg = Release|Any CPU
		{51775149-121F-4CB3-915F-052B0032F48F}.Release|Any CPU.Build.0 = Release|Any CPU
	EndGlobalSection
	GlobalSection(SolutionProperties) = preSolution
		HideSolutionNode = FALSE
	EndGlobalSection
	GlobalSection(ExtensibilityGlobals) = postSolution
		SolutionGuid = {ED89D7D1-E891-4002-A8B4-EF0F09E3262D}
	EndGlobalSection
EndGlobal
